
Microsoft Visual Studio Solution File, Format Version 12.00
# Visual Studio Version 17
VisualStudioVersion = 17.3.32819.101
MinimumVisualStudioVersion = 10.0.40219.1
Project("{9A19103F-16F7-4668-BE54-9A1E7A4F7556}") = "OpenClosed", "OpenClosed\OpenClosed.csproj", "{916BD616-EDD3-4E8C-950E-0808251F635C}"
EndProject
Project("{9A19103F-16F7-4668-BE54-9A1E7A4F7556}") = "LiskovSubstitution", "LiskovSubstitution\LiskovSubstitution.csproj", "{E3736559-5226-4A87-80E1-C389D4305694}"
EndProject
Project("{9A19103F-16F7-4668-BE54-9A1E7A4F7556}") = "SingleResponsibility", "SingleResponsibility\SingleResponsibility.csproj", "{4B1677BF-200B-47A4-98AD-4A2049B0B8BA}"
EndProject
Project("{FAE04EC0-301F-11D3-BF4B-00C04F79EFBC}") = "InterfaceSegregation", "InterfaceSegregation\InterfaceSegregation.csproj", "{9424DFFF-BFCE-4DD2-BF86-F5BB95F99819}"
EndProject
Project("{FAE04EC0-301F-11D3-BF4B-00C04F79EFBC}") = "DependencyInversion", "DependencyInversion\DependencyInversion.csproj", "{E0DBBF04-203D-40DE-9261-C20646093649}"
EndProject
Global
	GlobalSection(SolutionConfigurationPlatforms) = preSolution
		Debug|Any CPU = Debug|Any CPU
		Release|Any CPU = Release|Any CPU
	EndGlobalSection
	GlobalSection(ProjectConfigurationPlatforms) = postSolution
		{916BD616-EDD3-4E8C-950E-0808251F635C}.Debug|Any CPU.ActiveCfg = Debug|Any CPU
		{916BD616-EDD3-4E8C-950E-0808251F635C}.Debug|Any CPU.Build.0 = Debug|Any CPU
		{916BD616-EDD3-4E8C-950E-0808251F635C}.Release|Any CPU.ActiveCfg = Release|Any CPU
		{916BD616-EDD3-4E8C-950E-0808251F635C}.Release|Any CPU.Build.0 = Release|Any CPU
		{E3736559-5226-4A87-80E1-C389D4305694}.Debug|Any CPU.ActiveCfg = Debug|Any CPU
		{E3736559-5226-4A87-80E1-C389D4305694}.Debug|Any CPU.Build.0 = Debug|Any CPU
		{E3736559-5226-4A87-80E1-C389D4305694}.Release|Any CPU.ActiveCfg = Release|Any CPU
		{E3736559-5226-4A87-80E1-C389D4305694}.Release|Any CPU.Build.0 = Release|Any CPU
		{4B1677BF-200B-47A4-98AD-4A2049B0B8BA}.Debug|Any CPU.ActiveCfg = Debug|Any CPU
		{4B1677BF-200B-47A4-98AD-4A2049B0B8BA}.Debug|Any CPU.Build.0 = Debug|Any CPU
		{4B1677BF-200B-47A4-98AD-4A2049B0B8BA}.Release|Any CPU.ActiveCfg = Release|Any CPU
		{4B1677BF-200B-47A4-98AD-4A2049B0B8BA}.Release|Any CPU.Build.0 = Release|Any CPU
		{9424DFFF-BFCE-4DD2-BF86-F5BB95F99819}.Debug|Any CPU.ActiveCfg = Debug|Any CPU
		{9424DFFF-BFCE-4DD2-BF86-F5BB95F99819}.Debug|Any CPU.Build.0 = Debug|Any CPU
		{9424DFFF-BFCE-4DD2-BF86-F5BB95F99819}.Release|Any CPU.ActiveCfg = Release|Any CPU
		{9424DFFF-BFCE-4DD2-BF86-F5BB95F99819}.Release|Any CPU.Build.0 = Release|Any CPU
		{E0DBBF04-203D-40DE-9261-C20646093649}.Debug|Any CPU.ActiveCfg = Debug|Any CPU
		{E0DBBF04-203D-40DE-9261-C20646093649}.Debug|Any CPU.Build.0 = Debug|Any CPU
		{E0DBBF04-203D-40DE-9261-C20646093649}.Release|Any CPU.ActiveCfg = Release|Any CPU
		{E0DBBF04-203D-40DE-9261-C20646093649}.Release|Any CPU.Build.0 = Release|Any CPU
	EndGlobalSection
	GlobalSection(SolutionProperties) = preSolution
		HideSolutionNode = FALSE
	EndGlobalSection
	GlobalSection(ExtensibilityGlobals) = postSolution
		SolutionGuid = {9FA9B41D-2BAE-476E-A804-42F33BEB78BB}
	EndGlobalSection
EndGlobal
